
Microsoft Visual Studio Solution File, Format Version 12.00
# Visual Studio 15
VisualStudioVersion = 15.0.28307.779
MinimumVisualStudioVersion = 10.0.40219.1
Project("{FAE04EC0-301F-11D3-BF4B-00C04F79EFBC}") = "01File类", "01File类\01File类.csproj", "{1D96A9C8-89A2-42B6-B3F6-E66B956178B7}"
EndProject
Project("{FAE04EC0-301F-11D3-BF4B-00C04F79EFBC}") = "02FileStream类", "02FileStream类\02FileStream类.csproj", "{C1997A82-66E7-47CD-B8A9-2489F113B995}"
EndProject
Project("{FAE04EC0-301F-11D3-BF4B-00C04F79EFBC}") = "03使用FileStream来实现多媒体文件的复制", "03使用FileStream来实现多媒体文件的复制\03使用FileStream来实现多媒体文件的复制.csproj", "{1C593BB8-430B-45E8-A313-117FA4F33EE7}"
EndProject
Global
	GlobalSection(SolutionConfigurationPlatforms) = preSolution
		Debug|Any CPU = Debug|Any CPU
		Release|Any CPU = Release|Any CPU
	EndGlobalSection
	GlobalSection(ProjectConfigurationPlatforms) = postSolution
		{1D96A9C8-89A2-42B6-B3F6-E66B956178B7}.Debug|Any CPU.ActiveCfg = Debug|Any CPU
		{1D96A9C8-89A2-42B6-B3F6-E66B956178B7}.Debug|Any CPU.Build.0 = Debug|Any CPU
		{1D96A9C8-89A2-42B6-B3F6-E66B956178B7}.Release|Any CPU.ActiveCfg = Release|Any CPU
		{1D96A9C8-89A2-42B6-B3F6-E66B956178B7}.Release|Any CPU.Build.0 = Release|Any CPU
		{C1997A82-66E7-47CD-B8A9-2489F113B995}.Debug|Any CPU.ActiveCfg = Debug|Any CPU
		{C1997A82-66E7-47CD-B8A9-2489F113B995}.Debug|Any CPU.Build.0 = Debug|Any CPU
		{C1997A82-66E7-47CD-B8A9-2489F113B995}.Release|Any CPU.ActiveCfg = Release|Any CPU
		{C1997A82-66E7-47CD-B8A9-2489F113B995}.Release|Any CPU.Build.0 = Release|Any CPU
		{1C593BB8-430B-45E8-A313-117FA4F33EE7}.Debug|Any CPU.ActiveCfg = Debug|Any CPU
		{1C593BB8-430B-45E8-A313-117FA4F33EE7}.Debug|Any CPU.Build.0 = Debug|Any CPU
		{1C593BB8-430B-45E8-A313-117FA4F33EE7}.Release|Any CPU.ActiveCfg = Release|Any CPU
		{1C593BB8-430B-45E8-A313-117FA4F33EE7}.Release|Any CPU.Build.0 = Release|Any CPU
	EndGlobalSection
	GlobalSection(SolutionProperties) = preSolution
		HideSolutionNode = FALSE
	EndGlobalSection
	GlobalSection(ExtensibilityGlobals) = postSolution
		SolutionGuid = {8D5E5776-3458-4ADC-BC83-6F15C81A124D}
	EndGlobalSection
EndGlobal
